
Microsoft Visual Studio Solution File, Format Version 12.00
# Visual Studio 15
VisualStudioVersion = 15.0.26730.12
MinimumVisualStudioVersion = 10.0.40219.1
Project("{8BC9CEB8-8B4A-11D0-8D11-00A0C91BC942}") = "2018.01.19", "2018.01.19\2018.01.19.vcxproj", "{2FDA7AEB-B958-4BE1-AEB4-FA69D128081F}"
EndProject
Project("{8BC9CEB8-8B4A-11D0-8D11-00A0C91BC942}") = "ArrayApp", "ArrayApp\ArrayApp.vcxproj", "{F921BA18-1B79-4911-A3B7-F28BCFBA78C0}"
EndProject
Global
	GlobalSection(SolutionConfigurationPlatforms) = preSolution
		Debug|x64 = Debug|x64
		Debug|x86 = Debug|x86
		Release|x64 = Release|x64
		Release|x86 = Release|x86
	EndGlobalSection
	GlobalSection(ProjectConfigurationPlatforms) = postSolution
		{2FDA7AEB-B958-4BE1-AEB4-FA69D128081F}.Debug|x64.ActiveCfg = Debug|x64
		{2FDA7AEB-B958-4BE1-AEB4-FA69D128081F}.Debug|x64.Build.0 = Debug|x64
		{2FDA7AEB-B958-4BE1-AEB4-FA69D128081F}.Debug|x86.ActiveCfg = Debug|Win32
		{2FDA7AEB-B958-4BE1-AEB4-FA69D128081F}.Debug|x86.Build.0 = Debug|Win32
		{2FDA7AEB-B958-4BE1-AEB4-FA69D128081F}.Release|x64.ActiveCfg = Release|x64
		{2FDA7AEB-B958-4BE1-AEB4-FA69D128081F}.Release|x64.Build.0 = Release|x64
		{2FDA7AEB-B958-4BE1-AEB4-FA69D128081F}.Release|x86.ActiveCfg = Release|Win32
		{2FDA7AEB-B958-4BE1-AEB4-FA69D128081F}.Release|x86.Build.0 = Release|Win32
		{F921BA18-1B79-4911-A3B7-F28BCFBA78C0}.Debug|x64.ActiveCfg = Debug|x64
		{F921BA18-1B79-4911-A3B7-F28BCFBA78C0}.Debug|x64.Build.0 = Debug|x64
		{F921BA18-1B79-4911-A3B7-F28BCFBA78C0}.Debug|x86.ActiveCfg = Debug|Win32
		{F921BA18-1B79-4911-A3B7-F28BCFBA78C0}.Debug|x86.Build.0 = Debug|Win32
		{F921BA18-1B79-4911-A3B7-F28BCFBA78C0}.Release|x64.ActiveCfg = Release|x64
		{F921BA18-1B79-4911-A3B7-F28BCFBA78C0}.Release|x64.Build.0 = Release|x64
		{F921BA18-1B79-4911-A3B7-F28BCFBA78C0}.Release|x86.ActiveCfg = Release|Win32
		{F921BA18-1B79-4911-A3B7-F28BCFBA78C0}.Release|x86.Build.0 = Release|Win32
	EndGlobalSection
	GlobalSection(SolutionProperties) = preSolution
		HideSolutionNode = FALSE
	EndGlobalSection
	GlobalSection(ExtensibilityGlobals) = postSolution
		SolutionGuid = {8B0C0EAE-8783-46FE-8BBA-F2973EAFCC78}
	EndGlobalSection
EndGlobal
